// !$*UTF8*$!
{
	archiveVersion = 1;
	classes = {
	};
	objectVersion = 46;
	objects = {

/* Begin PBXBuildFile section */
		3F041C4514732F890087BDC4 /* icon.png in Resources */ = {isa = PBXBuildFile; fileRef = 3F041C4314732F890087BDC4 /* icon.png */; };
		3F041C4614732F890087BDC4 /* icon@2x.png in Resources */ = {isa = PBXBuildFile; fileRef = 3F041C4414732F890087BDC4 /* icon@2x.png */; };
		3F2938401479B53C00FD5505 /* QuartzCore.framework in Frameworks */ = {isa = PBXBuildFile; fileRef = 3F29383F1479B53C00FD5505 /* QuartzCore.framework */; };
		3F4DE1E0147DB531003E9825 /* Twitter.framework in Frameworks */ = {isa = PBXBuildFile; fileRef = 3F4DE1DF147DB531003E9825 /* Twitter.framework */; };
		3FA2D14614798F5F00366762 /* iCPDocumentViewController.m in Sources */ = {isa = PBXBuildFile; fileRef = 3FA2D14514798F5F00366762 /* iCPDocumentViewController.m */; };
		3FC620C81470444C0032BBB6 /* UIKit.framework in Frameworks */ = {isa = PBXBuildFile; fileRef = 3FC620C71470444C0032BBB6 /* UIKit.framework */; };
		3FC620CA1470444C0032BBB6 /* Foundation.framework in Frameworks */ = {isa = PBXBuildFile; fileRef = 3FC620C91470444C0032BBB6 /* Foundation.framework */; };
		3FC620CC1470444C0032BBB6 /* CoreGraphics.framework in Frameworks */ = {isa = PBXBuildFile; fileRef = 3FC620CB1470444C0032BBB6 /* CoreGraphics.framework */; };
		3FC620D21470444C0032BBB6 /* InfoPlist.strings in Resources */ = {isa = PBXBuildFile; fileRef = 3FC620D01470444C0032BBB6 /* InfoPlist.strings */; };
		3FC620D41470444C0032BBB6 /* main.m in Sources */ = {isa = PBXBuildFile; fileRef = 3FC620D31470444C0032BBB6 /* main.m */; };
		3FC620D81470444C0032BBB6 /* iCPAppDelegate.m in Sources */ = {isa = PBXBuildFile; fileRef = 3FC620D71470444C0032BBB6 /* iCPAppDelegate.m */; };
		3FC620DB1470444C0032BBB6 /* MainStoryboard_iPhone.storyboard in Resources */ = {isa = PBXBuildFile; fileRef = 3FC620D91470444C0032BBB6 /* MainStoryboard_iPhone.storyboard */; };
		3FC620E11470444C0032BBB6 /* iCPFirstViewController.m in Sources */ = {isa = PBXBuildFile; fileRef = 3FC620E01470444C0032BBB6 /* iCPFirstViewController.m */; };
		3FC620E31470444C0032BBB6 /* first.png in Resources */ = {isa = PBXBuildFile; fileRef = 3FC620E21470444C0032BBB6 /* first.png */; };
		3FC620E51470444C0032BBB6 /* first@2x.png in Resources */ = {isa = PBXBuildFile; fileRef = 3FC620E41470444C0032BBB6 /* first@2x.png */; };
		3FC620E81470444C0032BBB6 /* iCPDocumentsController.m in Sources */ = {isa = PBXBuildFile; fileRef = 3FC620E71470444C0032BBB6 /* iCPDocumentsController.m */; };
		3FC620EA1470444C0032BBB6 /* second.png in Resources */ = {isa = PBXBuildFile; fileRef = 3FC620E91470444C0032BBB6 /* second.png */; };
		3FC620EC1470444C0032BBB6 /* second@2x.png in Resources */ = {isa = PBXBuildFile; fileRef = 3FC620EB1470444C0032BBB6 /* second@2x.png */; };
		3FC6B63F1474670800D3C09E /* iCPDocument.m in Sources */ = {isa = PBXBuildFile; fileRef = 3FC6B63E1474670800D3C09E /* iCPDocument.m */; };
		3FCB551914EBE041000164B1 /* readme.markdown in Resources */ = {isa = PBXBuildFile; fileRef = 3FCB551814EBE041000164B1 /* readme.markdown */; };
/* End PBXBuildFile section */

/* Begin PBXFileReference section */
		3F041C4314732F890087BDC4 /* icon.png */ = {isa = PBXFileReference; lastKnownFileType = image.png; path = icon.png; sourceTree = "<group>"; };
		3F041C4414732F890087BDC4 /* icon@2x.png */ = {isa = PBXFileReference; lastKnownFileType = image.png; path = "icon@2x.png"; sourceTree = "<group>"; };
		3F29383F1479B53C00FD5505 /* QuartzCore.framework */ = {isa = PBXFileReference; lastKnownFileType = wrapper.framework; name = QuartzCore.framework; path = System/Library/Frameworks/QuartzCore.framework; sourceTree = SDKROOT; };
		3F4DE1DF147DB531003E9825 /* Twitter.framework */ = {isa = PBXFileReference; lastKnownFileType = wrapper.framework; name = Twitter.framework; path = System/Library/Frameworks/Twitter.framework; sourceTree = SDKROOT; };
		3FA2D14414798F5F00366762 /* iCPDocumentViewController.h */ = {isa = PBXFileReference; fileEncoding = 4; lastKnownFileType = sourcecode.c.h; lineEnding = 0; path = iCPDocumentViewController.h; sourceTree = "<group>"; xcLanguageSpecificationIdentifier = xcode.lang.objcpp; };
		3FA2D14514798F5F00366762 /* iCPDocumentViewController.m */ = {isa = PBXFileReference; fileEncoding = 4; lastKnownFileType = sourcecode.c.objc; lineEnding = 0; path = iCPDocumentViewController.m; sourceTree = "<group>"; xcLanguageSpecificationIdentifier = xcode.lang.objc; };
		3FC620C31470444C0032BBB6 /* iCloud Play.app */ = {isa = PBXFileReference; explicitFileType = wrapper.application; includeInIndex = 0; path = "iCloud Play.app"; sourceTree = BUILT_PRODUCTS_DIR; };
		3FC620C71470444C0032BBB6 /* UIKit.framework */ = {isa = PBXFileReference; lastKnownFileType = wrapper.framework; name = UIKit.framework; path = System/Library/Frameworks/UIKit.framework; sourceTree = SDKROOT; };
		3FC620C91470444C0032BBB6 /* Foundation.framework */ = {isa = PBXFileReference; lastKnownFileType = wrapper.framework; name = Foundation.framework; path = System/Library/Frameworks/Foundation.framework; sourceTree = SDKROOT; };
		3FC620CB1470444C0032BBB6 /* CoreGraphics.framework */ = {isa = PBXFileReference; lastKnownFileType = wrapper.framework; name = CoreGraphics.framework; path = System/Library/Frameworks/CoreGraphics.framework; sourceTree = SDKROOT; };
		3FC620CF1470444C0032BBB6 /* iCloudPlayground-Info.plist */ = {isa = PBXFileReference; lastKnownFileType = text.plist.xml; path = "iCloudPlayground-Info.plist"; sourceTree = "<group>"; };
		3FC620D11470444C0032BBB6 /* en */ = {isa = PBXFileReference; lastKnownFileType = text.plist.strings; name = en; path = en.lproj/InfoPlist.strings; sourceTree = "<group>"; };
		3FC620D31470444C0032BBB6 /* main.m */ = {isa = PBXFileReference; lastKnownFileType = sourcecode.c.objc; lineEnding = 0; path = main.m; sourceTree = "<group>"; xcLanguageSpecificationIdentifier = xcode.lang.objc; };
		3FC620D51470444C0032BBB6 /* iCloudPlayground-Prefix.pch */ = {isa = PBXFileReference; lastKnownFileType = sourcecode.c.h; path = "iCloudPlayground-Prefix.pch"; sourceTree = "<group>"; };
		3FC620D61470444C0032BBB6 /* iCPAppDelegate.h */ = {isa = PBXFileReference; lastKnownFileType = sourcecode.c.h; lineEnding = 0; path = iCPAppDelegate.h; sourceTree = "<group>"; xcLanguageSpecificationIdentifier = xcode.lang.objcpp; };
		3FC620D71470444C0032BBB6 /* iCPAppDelegate.m */ = {isa = PBXFileReference; lastKnownFileType = sourcecode.c.objc; lineEnding = 0; path = iCPAppDelegate.m; sourceTree = "<group>"; xcLanguageSpecificationIdentifier = xcode.lang.objc; };
		3FC620DA1470444C0032BBB6 /* en */ = {isa = PBXFileReference; lastKnownFileType = file.storyboard; name = en; path = en.lproj/MainStoryboard_iPhone.storyboard; sourceTree = "<group>"; };
		3FC620DF1470444C0032BBB6 /* iCPFirstViewController.h */ = {isa = PBXFileReference; lastKnownFileType = sourcecode.c.h; lineEnding = 0; path = iCPFirstViewController.h; sourceTree = "<group>"; xcLanguageSpecificationIdentifier = xcode.lang.objcpp; };
		3FC620E01470444C0032BBB6 /* iCPFirstViewController.m */ = {isa = PBXFileReference; lastKnownFileType = sourcecode.c.objc; lineEnding = 0; path = iCPFirstViewController.m; sourceTree = "<group>"; xcLanguageSpecificationIdentifier = xcode.lang.objc; };
		3FC620E21470444C0032BBB6 /* first.png */ = {isa = PBXFileReference; lastKnownFileType = image.png; path = first.png; sourceTree = "<group>"; };
		3FC620E41470444C0032BBB6 /* first@2x.png */ = {isa = PBXFileReference; lastKnownFileType = image.png; path = "first@2x.png"; sourceTree = "<group>"; };
		3FC620E61470444C0032BBB6 /* iCPDocumentsController.h */ = {isa = PBXFileReference; lastKnownFileType = sourcecode.c.h; lineEnding = 0; path = iCPDocumentsController.h; sourceTree = "<group>"; xcLanguageSpecificationIdentifier = xcode.lang.objcpp; };
		3FC620E71470444C0032BBB6 /* iCPDocumentsController.m */ = {isa = PBXFileReference; lastKnownFileType = sourcecode.c.objc; lineEnding = 0; path = iCPDocumentsController.m; sourceTree = "<group>"; xcLanguageSpecificationIdentifier = xcode.lang.objc; };
		3FC620E91470444C0032BBB6 /* second.png */ = {isa = PBXFileReference; lastKnownFileType = image.png; path = second.png; sourceTree = "<group>"; };
		3FC620EB1470444C0032BBB6 /* second@2x.png */ = {isa = PBXFileReference; lastKnownFileType = image.png; path = "second@2x.png"; sourceTree = "<group>"; };
		3FC620F8147045A50032BBB6 /* iCloudPlayground.entitlements */ = {isa = PBXFileReference; lastKnownFileType = text.xml; path = iCloudPlayground.entitlements; sourceTree = "<group>"; };
		3FC6B63D1474670800D3C09E /* iCPDocument.h */ = {isa = PBXFileReference; fileEncoding = 4; lastKnownFileType = sourcecode.c.h; lineEnding = 0; path = iCPDocument.h; sourceTree = "<group>"; xcLanguageSpecificationIdentifier = xcode.lang.objcpp; };
		3FC6B63E1474670800D3C09E /* iCPDocument.m */ = {isa = PBXFileReference; fileEncoding = 4; lastKnownFileType = sourcecode.c.objc; lineEnding = 0; path = iCPDocument.m; sourceTree = "<group>"; xcLanguageSpecificationIdentifier = xcode.lang.objc; };
		3FCB551814EBE041000164B1 /* readme.markdown */ = {isa = PBXFileReference; fileEncoding = 4; lastKnownFileType = text; path = readme.markdown; sourceTree = "<group>"; };
/* End PBXFileReference section */

/* Begin PBXFrameworksBuildPhase section */
		3FC620C01470444B0032BBB6 /* Frameworks */ = {
			isa = PBXFrameworksBuildPhase;
			buildActionMask = 2147483647;
			files = (
				3F4DE1E0147DB531003E9825 /* Twitter.framework in Frameworks */,
				3F2938401479B53C00FD5505 /* QuartzCore.framework in Frameworks */,
				3FC620C81470444C0032BBB6 /* UIKit.framework in Frameworks */,
				3FC620CA1470444C0032BBB6 /* Foundation.framework in Frameworks */,
				3FC620CC1470444C0032BBB6 /* CoreGraphics.framework in Frameworks */,
			);
			runOnlyForDeploymentPostprocessing = 0;
		};
/* End PBXFrameworksBuildPhase section */

/* Begin PBXGroup section */
		3FC620B81470444B0032BBB6 = {
			isa = PBXGroup;
			children = (
				3FCB551814EBE041000164B1 /* readme.markdown */,
				3FC620CD1470444C0032BBB6 /* Classes */,
				3FC620CE1470444C0032BBB6 /* Supporting Files */,
				3FC620F7147044F20032BBB6 /* Ressources */,
				3FC620C61470444C0032BBB6 /* Frameworks */,
				3FC620C41470444C0032BBB6 /* Products */,
			);
			sourceTree = "<group>";
		};
		3FC620C41470444C0032BBB6 /* Products */ = {
			isa = PBXGroup;
			children = (
				3FC620C31470444C0032BBB6 /* iCloud Play.app */,
			);
			name = Products;
			sourceTree = "<group>";
		};
		3FC620C61470444C0032BBB6 /* Frameworks */ = {
			isa = PBXGroup;
			children = (
				3F4DE1DF147DB531003E9825 /* Twitter.framework */,
				3F29383F1479B53C00FD5505 /* QuartzCore.framework */,
				3FC620C71470444C0032BBB6 /* UIKit.framework */,
				3FC620C91470444C0032BBB6 /* Foundation.framework */,
				3FC620CB1470444C0032BBB6 /* CoreGraphics.framework */,
			);
			name = Frameworks;
			sourceTree = "<group>";
		};
		3FC620CD1470444C0032BBB6 /* Classes */ = {
			isa = PBXGroup;
			children = (
				3FC620D61470444C0032BBB6 /* iCPAppDelegate.h */,
				3FC620D71470444C0032BBB6 /* iCPAppDelegate.m */,
				3FC620D91470444C0032BBB6 /* MainStoryboard_iPhone.storyboard */,
				3FC620F914707F3D0032BBB6 /* Key-value Data */,
				3FC620FA14707F5C0032BBB6 /* Document Data */,
			);
			name = Classes;
			path = iCloudPlayground;
			sourceTree = "<group>";
		};
		3FC620CE1470444C0032BBB6 /* Supporting Files */ = {
			isa = PBXGroup;
			children = (
				3FC620F8147045A50032BBB6 /* iCloudPlayground.entitlements */,
				3FC620CF1470444C0032BBB6 /* iCloudPlayground-Info.plist */,
				3FC620D01470444C0032BBB6 /* InfoPlist.strings */,
				3FC620D51470444C0032BBB6 /* iCloudPlayground-Prefix.pch */,
				3FC620D31470444C0032BBB6 /* main.m */,
			);
			name = "Supporting Files";
			path = iCloudPlayground;
			sourceTree = "<group>";
		};
		3FC620F7147044F20032BBB6 /* Ressources */ = {
			isa = PBXGroup;
			children = (
				3F041C4314732F890087BDC4 /* icon.png */,
				3F041C4414732F890087BDC4 /* icon@2x.png */,
				3FC620E21470444C0032BBB6 /* first.png */,
				3FC620E41470444C0032BBB6 /* first@2x.png */,
				3FC620E91470444C0032BBB6 /* second.png */,
				3FC620EB1470444C0032BBB6 /* second@2x.png */,
			);
			name = Ressources;
			path = iCloudPlayground;
			sourceTree = "<group>";
		};
		3FC620F914707F3D0032BBB6 /* Key-value Data */ = {
			isa = PBXGroup;
			children = (
				3FC620DF1470444C0032BBB6 /* iCPFirstViewController.h */,
				3FC620E01470444C0032BBB6 /* iCPFirstViewController.m */,
			);
			name = "Key-value Data";
			sourceTree = "<group>";
		};
		3FC620FA14707F5C0032BBB6 /* Document Data */ = {
			isa = PBXGroup;
			children = (
				3FC620E61470444C0032BBB6 /* iCPDocumentsController.h */,
				3FC620E71470444C0032BBB6 /* iCPDocumentsController.m */,
				3FA2D14414798F5F00366762 /* iCPDocumentViewController.h */,
				3FA2D14514798F5F00366762 /* iCPDocumentViewController.m */,
				3FC6B63D1474670800D3C09E /* iCPDocument.h */,
				3FC6B63E1474670800D3C09E /* iCPDocument.m */,
			);
			name = "Document Data";
			sourceTree = "<group>";
		};
/* End PBXGroup section */

/* Begin PBXNativeTarget section */
		3FC620C21470444B0032BBB6 /* iCloud Playground */ = {
			isa = PBXNativeTarget;
			buildConfigurationList = 3FC620EF1470444C0032BBB6 /* Build configuration list for PBXNativeTarget "iCloud Playground" */;
			buildPhases = (
				3FC620BF1470444B0032BBB6 /* Sources */,
				3FC620C01470444B0032BBB6 /* Frameworks */,
				3FC620C11470444B0032BBB6 /* Resources */,
			);
			buildRules = (
			);
			dependencies = (
			);
			name = "iCloud Playground";
			productName = iCloudPlayground;
			productReference = 3FC620C31470444C0032BBB6 /* iCloud Play.app */;
			productType = "com.apple.product-type.application";
		};
/* End PBXNativeTarget section */

/* Begin PBXProject section */
		3FC620BA1470444B0032BBB6 /* Project object */ = {
			isa = PBXProject;
			attributes = {
				LastUpgradeCheck = 0420;
			};
			buildConfigurationList = 3FC620BD1470444B0032BBB6 /* Build configuration list for PBXProject "iCloudPlayground" */;
			compatibilityVersion = "Xcode 3.2";
			developmentRegion = English;
			hasScannedForEncodings = 0;
			knownRegions = (
				en,
			);
			mainGroup = 3FC620B81470444B0032BBB6;
			productRefGroup = 3FC620C41470444C0032BBB6 /* Products */;
			projectDirPath = "";
			projectRoot = "";
			targets = (
				3FC620C21470444B0032BBB6 /* iCloud Playground */,
			);
		};
/* End PBXProject section */

/* Begin PBXResourcesBuildPhase section */
		3FC620C11470444B0032BBB6 /* Resources */ = {
			isa = PBXResourcesBuildPhase;
			buildActionMask = 2147483647;
			files = (
				3FC620D21470444C0032BBB6 /* InfoPlist.strings in Resources */,
				3FC620DB1470444C0032BBB6 /* MainStoryboard_iPhone.storyboard in Resources */,
				3FC620E31470444C0032BBB6 /* first.png in Resources */,
				3FC620E51470444C0032BBB6 /* first@2x.png in Resources */,
				3FC620EA1470444C0032BBB6 /* second.png in Resources */,
				3FC620EC1470444C0032BBB6 /* second@2x.png in Resources */,
				3F041C4514732F890087BDC4 /* icon.png in Resources */,
				3F041C4614732F890087BDC4 /* icon@2x.png in Resources */,
				3FCB551914EBE041000164B1 /* readme.markdown in Resources */,
			);
			runOnlyForDeploymentPostprocessing = 0;
		};
/* End PBXResourcesBuildPhase section */

/* Begin PBXSourcesBuildPhase section */
		3FC620BF1470444B0032BBB6 /* Sources */ = {
			isa = PBXSourcesBuildPhase;
			buildActionMask = 2147483647;
			files = (
				3FC620D41470444C0032BBB6 /* main.m in Sources */,
				3FC620D81470444C0032BBB6 /* iCPAppDelegate.m in Sources */,
				3FC620E11470444C0032BBB6 /* iCPFirstViewController.m in Sources */,
				3FC620E81470444C0032BBB6 /* iCPDocumentsController.m in Sources */,
				3FC6B63F1474670800D3C09E /* iCPDocument.m in Sources */,
				3FA2D14614798F5F00366762 /* iCPDocumentViewController.m in Sources */,
			);
			runOnlyForDeploymentPostprocessing = 0;
		};
/* End PBXSourcesBuildPhase section */

/* Begin PBXVariantGroup section */
		3FC620D01470444C0032BBB6 /* InfoPlist.strings */ = {
			isa = PBXVariantGroup;
			children = (
				3FC620D11470444C0032BBB6 /* en */,
			);
			name = InfoPlist.strings;
			sourceTree = "<group>";
		};
		3FC620D91470444C0032BBB6 /* MainStoryboard_iPhone.storyboard */ = {
			isa = PBXVariantGroup;
			children = (
				3FC620DA1470444C0032BBB6 /* en */,
			);
			name = MainStoryboard_iPhone.storyboard;
			sourceTree = "<group>";
		};
/* End PBXVariantGroup section */

/* Begin XCBuildConfiguration section */
		3FC620ED1470444C0032BBB6 /* Debug */ = {
			isa = XCBuildConfiguration;
			buildSettings = {
				ALWAYS_SEARCH_USER_PATHS = NO;
				ARCHS = "$(ARCHS_STANDARD_32_BIT)";
				CLANG_ENABLE_OBJC_ARC = YES;
				"CODE_SIGN_IDENTITY[sdk=iphoneos*]" = "iPhone Developer: Leonhard Lichtschlag (6F4ZV4635Y)";
				COPY_PHASE_STRIP = NO;
				GCC_C_LANGUAGE_STANDARD = gnu99;
				GCC_DYNAMIC_NO_PIC = NO;
				GCC_OPTIMIZATION_LEVEL = 0;
				GCC_PREPROCESSOR_DEFINITIONS = (
					"DEBUG=1",
					"$(inherited)",
				);
				GCC_SYMBOLS_PRIVATE_EXTERN = NO;
				GCC_VERSION = com.apple.compilers.llvm.clang.1_0;
				GCC_WARN_ABOUT_MISSING_PROTOTYPES = YES;
				GCC_WARN_ABOUT_RETURN_TYPE = YES;
				GCC_WARN_UNUSED_VARIABLE = YES;
				IPHONEOS_DEPLOYMENT_TARGET = 5.0;
				"PROVISIONING_PROFILE[sdk=iphoneos*]" = "38976230-C12C-404D-A12B-1C02FC928BDE";
				SDKROOT = iphoneos;
				TARGETED_DEVICE_FAMILY = 1;
			};
			name = Debug;
		};
		3FC620EE1470444C0032BBB6 /* Release */ = {
			isa = XCBuildConfiguration;
			buildSettings = {
				ALWAYS_SEARCH_USER_PATHS = NO;
				ARCHS = "$(ARCHS_STANDARD_32_BIT)";
				CLANG_ENABLE_OBJC_ARC = YES;
				"CODE_SIGN_IDENTITY[sdk=iphoneos*]" = "iPhone Developer: Leonhard Lichtschlag (6F4ZV4635Y)";
				COPY_PHASE_STRIP = YES;
				GCC_C_LANGUAGE_STANDARD = gnu99;
				GCC_VERSION = com.apple.compilers.llvm.clang.1_0;
				GCC_WARN_ABOUT_MISSING_PROTOTYPES = YES;
				GCC_WARN_ABOUT_RETURN_TYPE = YES;
				GCC_WARN_UNUSED_VARIABLE = YES;
				IPHONEOS_DEPLOYMENT_TARGET = 5.0;
				OTHER_CFLAGS = "-DNS_BLOCK_ASSERTIONS=1";
				"PROVISIONING_PROFILE[sdk=iphoneos*]" = "38976230-C12C-404D-A12B-1C02FC928BDE";
				SDKROOT = iphoneos;
				TARGETED_DEVICE_FAMILY = 1;
				VALIDATE_PRODUCT = YES;
			};
			name = Release;
		};
		3FC620F01470444C0032BBB6 /* Debug */ = {
			isa = XCBuildConfiguration;
			buildSettings = {
				CODE_SIGN_ENTITLEMENTS = iCloudPlayground/iCloudPlayground.entitlements;
				GCC_PRECOMPILE_PREFIX_HEADER = YES;
				GCC_PREFIX_HEADER = "iCloudPlayground/iCloudPlayground-Prefix.pch";
				INFOPLIST_FILE = "iCloudPlayground/iCloudPlayground-Info.plist";
				IPHONEOS_DEPLOYMENT_TARGET = 5.0;
				PRODUCT_NAME = "iCloud Play";
				TARGETED_DEVICE_FAMILY = 1;
				WRAPPER_EXTENSION = app;
			};
			name = Debug;
		};
		3FC620F11470444C0032BBB6 /* Release */ = {
			isa = XCBuildConfiguration;
			buildSettings = {
				CODE_SIGN_ENTITLEMENTS = iCloudPlayground/iCloudPlayground.entitlements;
				GCC_PRECOMPILE_PREFIX_HEADER = YES;
				GCC_PREFIX_HEADER = "iCloudPlayground/iCloudPlayground-Prefix.pch";
				INFOPLIST_FILE = "iCloudPlayground/iCloudPlayground-Info.plist";
				IPHONEOS_DEPLOYMENT_TARGET = 5.0;
				PRODUCT_NAME = "iCloud Play";
				TARGETED_DEVICE_FAMILY = 1;
				WRAPPER_EXTENSION = app;
			};
			name = Release;
		};
/* End XCBuildConfiguration section */

/* Begin XCConfigurationList section */
		3FC620BD1470444B0032BBB6 /* Build configuration list for PBXProject "iCloudPlayground" */ = {
			isa = XCConfigurationList;
			buildConfigurations = (
				3FC620ED1470444C0032BBB6 /* Debug */,
				3FC620EE1470444C0032BBB6 /* Release */,
			);
			defaultConfigurationIsVisible = 0;
			defaultConfigurationName = Release;
		};
		3FC620EF1470444C0032BBB6 /* Build configuration list for PBXNativeTarget "iCloud Playground" */ = {
			isa = XCConfigurationList;
			buildConfigurations = (
				3FC620F01470444C0032BBB6 /* Debug */,
				3FC620F11470444C0032BBB6 /* Release */,
			);
			defaultConfigurationIsVisible = 0;
			defaultConfigurationName = Release;
		};
/* End XCConfigurationList section */
	};
	rootObject = 3FC620BA1470444B0032BBB6 /* Project object */;
}
